
Microsoft Visual Studio Solution File, Format Version 12.00
# Visual Studio Version 17
VisualStudioVersion = 17.7.34202.233
MinimumVisualStudioVersion = 10.0.40219.1
Project("{FAE04EC0-301F-11D3-BF4B-00C04F79EFBC}") = "API", "API\API.csproj", "{AAE4868F-C68B-4435-B696-06241A771B88}"
EndProject
Global
	GlobalSection(SolutionConfigurationPlatforms) = preSolution
		Debug|Any CPU = Debug|Any CPU
		Release|Any CPU = Release|Any CPU
	EndGlobalSection
	GlobalSection(ProjectConfigurationPlatforms) = postSolution
		{AAE4868F-C68B-4435-B696-06241A771B88}.Debug|Any CPU.ActiveCfg = Debug|Any CPU
		{AAE4868F-C68B-4435-B696-06241A771B88}.Debug|Any CPU.Build.0 = Debug|Any CPU
		{AAE4868F-C68B-4435-B696-06241A771B88}.Release|Any CPU.ActiveCfg = Release|Any CPU
		{AAE4868F-C68B-4435-B696-06241A771B88}.Release|Any CPU.Build.0 = Release|Any CPU
	EndGlobalSection
	GlobalSection(SolutionProperties) = preSolution
		HideSolutionNode = FALSE
	EndGlobalSection
	GlobalSection(ExtensibilityGlobals) = postSolution
		SolutionGuid = {7284B0AC-E69A-4DF1-B5F8-7024210D8105}
	EndGlobalSection
EndGlobal
